// !$*UTF8*$!
{
	archiveVersion = 1;
	classes = {
	};
	objectVersion = 46;
	objects = {

/* Begin PBXBuildFile section */
		7948726F15FFF08500B43C9C /* Foundation.framework in Frameworks */ = {isa = PBXBuildFile; fileRef = 7948726E15FFF08500B43C9C /* Foundation.framework */; };
		7948727215FFF08500B43C9C /* main.m in Sources */ = {isa = PBXBuildFile; fileRef = 7948727115FFF08500B43C9C /* main.m */; };
		7948727615FFF08500B43C9C /* MacOFX.1 in CopyFiles */ = {isa = PBXBuildFile; fileRef = 7948727515FFF08500B43C9C /* MacOFX.1 */; };
/* End PBXBuildFile section */

/* Begin PBXCopyFilesBuildPhase section */
		7948726815FFF08500B43C9C /* CopyFiles */ = {
			isa = PBXCopyFilesBuildPhase;
			buildActionMask = 2147483647;
			dstPath = /usr/share/man/man1/;
			dstSubfolderSpec = 0;
			files = (
				7948727615FFF08500B43C9C /* MacOFX.1 in CopyFiles */,
			);
			runOnlyForDeploymentPostprocessing = 1;
		};
/* End PBXCopyFilesBuildPhase section */

/* Begin PBXFileReference section */
		7948726A15FFF08500B43C9C /* MacOFX */ = {isa = PBXFileReference; explicitFileType = "compiled.mach-o.executable"; includeInIndex = 0; path = MacOFX; sourceTree = BUILT_PRODUCTS_DIR; };
		7948726E15FFF08500B43C9C /* Foundation.framework */ = {isa = PBXFileReference; lastKnownFileType = wrapper.framework; name = Foundation.framework; path = System/Library/Frameworks/Foundation.framework; sourceTree = SDKROOT; };
		7948727115FFF08500B43C9C /* main.m */ = {isa = PBXFileReference; lastKnownFileType = sourcecode.c.objc; path = main.m; sourceTree = "<group>"; };
		7948727415FFF08500B43C9C /* MacOFX-Prefix.pch */ = {isa = PBXFileReference; lastKnownFileType = sourcecode.c.h; path = "MacOFX-Prefix.pch"; sourceTree = "<group>"; };
		7948727515FFF08500B43C9C /* MacOFX.1 */ = {isa = PBXFileReference; lastKnownFileType = text.man; path = MacOFX.1; sourceTree = "<group>"; };
/* End PBXFileReference section */

/* Begin PBXFrameworksBuildPhase section */
		7948726715FFF08500B43C9C /* Frameworks */ = {
			isa = PBXFrameworksBuildPhase;
			buildActionMask = 2147483647;
			files = (
				7948726F15FFF08500B43C9C /* Foundation.framework in Frameworks */,
			);
			runOnlyForDeploymentPostprocessing = 0;
		};
/* End PBXFrameworksBuildPhase section */

/* Begin PBXGroup section */
		7948725F15FFF08500B43C9C = {
			isa = PBXGroup;
			children = (
				7948727015FFF08500B43C9C /* MacOFX */,
				7948726D15FFF08500B43C9C /* Frameworks */,
				7948726B15FFF08500B43C9C /* Products */,
			);
			sourceTree = "<group>";
		};
		7948726B15FFF08500B43C9C /* Products */ = {
			isa = PBXGroup;
			children = (
				7948726A15FFF08500B43C9C /* MacOFX */,
			);
			name = Products;
			sourceTree = "<group>";
		};
		7948726D15FFF08500B43C9C /* Frameworks */ = {
			isa = PBXGroup;
			children = (
				7948726E15FFF08500B43C9C /* Foundation.framework */,
			);
			name = Frameworks;
			sourceTree = "<group>";
		};
		7948727015FFF08500B43C9C /* MacOFX */ = {
			isa = PBXGroup;
			children = (
				7948727115FFF08500B43C9C /* main.m */,
				7948727515FFF08500B43C9C /* MacOFX.1 */,
				7948727315FFF08500B43C9C /* Supporting Files */,
			);
			path = MacOFX;
			sourceTree = "<group>";
		};
		7948727315FFF08500B43C9C /* Supporting Files */ = {
			isa = PBXGroup;
			children = (
				7948727415FFF08500B43C9C /* MacOFX-Prefix.pch */,
			);
			name = "Supporting Files";
			sourceTree = "<group>";
		};
/* End PBXGroup section */

/* Begin PBXNativeTarget section */
		7948726915FFF08500B43C9C /* MacOFX */ = {
			isa = PBXNativeTarget;
			buildConfigurationList = 7948727915FFF08500B43C9C /* Build configuration list for PBXNativeTarget "MacOFX" */;
			buildPhases = (
				7948726615FFF08500B43C9C /* Sources */,
				7948726715FFF08500B43C9C /* Frameworks */,
				7948726815FFF08500B43C9C /* CopyFiles */,
			);
			buildRules = (
			);
			dependencies = (
			);
			name = MacOFX;
			productName = MacOFX;
			productReference = 7948726A15FFF08500B43C9C /* MacOFX */;
			productType = "com.apple.product-type.tool";
		};
/* End PBXNativeTarget section */

/* Begin PBXProject section */
		7948726115FFF08500B43C9C /* Project object */ = {
			isa = PBXProject;
			attributes = {
				LastUpgradeCheck = 0440;
				ORGANIZATIONNAME = "Richard McLaren";
			};
			buildConfigurationList = 7948726415FFF08500B43C9C /* Build configuration list for PBXProject "MacOFX" */;
			compatibilityVersion = "Xcode 3.2";
			developmentRegion = English;
			hasScannedForEncodings = 0;
			knownRegions = (
				en,
			);
			mainGroup = 7948725F15FFF08500B43C9C;
			productRefGroup = 7948726B15FFF08500B43C9C /* Products */;
			projectDirPath = "";
			projectRoot = "";
			targets = (
				7948726915FFF08500B43C9C /* MacOFX */,
			);
		};
/* End PBXProject section */

/* Begin PBXSourcesBuildPhase section */
		7948726615FFF08500B43C9C /* Sources */ = {
			isa = PBXSourcesBuildPhase;
			buildActionMask = 2147483647;
			files = (
				7948727215FFF08500B43C9C /* main.m in Sources */,
			);
			runOnlyForDeploymentPostprocessing = 0;
		};
/* End PBXSourcesBuildPhase section */

/* Begin XCBuildConfiguration section */
		7948727715FFF08500B43C9C /* Debug */ = {
			isa = XCBuildConfiguration;
			buildSettings = {
				ALWAYS_SEARCH_USER_PATHS = NO;
				ARCHS = "$(ARCHS_STANDARD_64_BIT)";
				CLANG_CXX_LANGUAGE_STANDARD = "gnu++0x";
				CLANG_ENABLE_OBJC_ARC = YES;
				CLANG_WARN__DUPLICATE_METHOD_MATCH = YES;
				COPY_PHASE_STRIP = NO;
				GCC_C_LANGUAGE_STANDARD = gnu99;
				GCC_DYNAMIC_NO_PIC = NO;
				GCC_ENABLE_OBJC_EXCEPTIONS = YES;
				GCC_OPTIMIZATION_LEVEL = 0;
				GCC_PREPROCESSOR_DEFINITIONS = (
					"DEBUG=1",
					"$(inherited)",
				);
				GCC_SYMBOLS_PRIVATE_EXTERN = NO;
				GCC_WARN_64_TO_32_BIT_CONVERSION = YES;
				GCC_WARN_ABOUT_RETURN_TYPE = YES;
				GCC_WARN_UNINITIALIZED_AUTOS = YES;
				GCC_WARN_UNUSED_VARIABLE = YES;
				MACOSX_DEPLOYMENT_TARGET = 10.8;
				ONLY_ACTIVE_ARCH = YES;
				SDKROOT = macosx;
			};
			name = Debug;
		};
		7948727815FFF08500B43C9C /* Release */ = {
			isa = XCBuildConfiguration;
			buildSettings = {
				ALWAYS_SEARCH_USER_PATHS = NO;
				ARCHS = "$(ARCHS_STANDARD_64_BIT)";
				CLANG_CXX_LANGUAGE_STANDARD = "gnu++0x";
				CLANG_ENABLE_OBJC_ARC = YES;
				CLANG_WARN__DUPLICATE_METHOD_MATCH = YES;
				COPY_PHASE_STRIP = YES;
				DEBUG_INFORMATION_FORMAT = "dwarf-with-dsym";
				GCC_C_LANGUAGE_STANDARD = gnu99;
				GCC_ENABLE_OBJC_EXCEPTIONS = YES;
				GCC_WARN_64_TO_32_BIT_CONVERSION = YES;
				GCC_WARN_ABOUT_RETURN_TYPE = YES;
				GCC_WARN_UNINITIALIZED_AUTOS = YES;
				GCC_WARN_UNUSED_VARIABLE = YES;
				MACOSX_DEPLOYMENT_TARGET = 10.8;
				SDKROOT = macosx;
			};
			name = Release;
		};
		7948727A15FFF08500B43C9C /* Debug */ = {
			isa = XCBuildConfiguration;
			buildSettings = {
				GCC_PRECOMPILE_PREFIX_HEADER = YES;
				GCC_PREFIX_HEADER = "MacOFX/MacOFX-Prefix.pch";
				PRODUCT_NAME = "$(TARGET_NAME)";
			};
			name = Debug;
		};
		7948727B15FFF08500B43C9C /* Release */ = {
			isa = XCBuildConfiguration;
			buildSettings = {
				GCC_PRECOMPILE_PREFIX_HEADER = YES;
				GCC_PREFIX_HEADER = "MacOFX/MacOFX-Prefix.pch";
				PRODUCT_NAME = "$(TARGET_NAME)";
			};
			name = Release;
		};
/* End XCBuildConfiguration section */

/* Begin XCConfigurationList section */
		7948726415FFF08500B43C9C /* Build configuration list for PBXProject "MacOFX" */ = {
			isa = XCConfigurationList;
			buildConfigurations = (
				7948727715FFF08500B43C9C /* Debug */,
				7948727815FFF08500B43C9C /* Release */,
			);
			defaultConfigurationIsVisible = 0;
			defaultConfigurationName = Release;
		};
		7948727915FFF08500B43C9C /* Build configuration list for PBXNativeTarget "MacOFX" */ = {
			isa = XCConfigurationList;
			buildConfigurations = (
				7948727A15FFF08500B43C9C /* Debug */,
				7948727B15FFF08500B43C9C /* Release */,
			);
			defaultConfigurationIsVisible = 0;
		};
/* End XCConfigurationList section */
	};
	rootObject = 7948726115FFF08500B43C9C /* Project object */;
}
